
Microsoft Visual Studio Solution File, Format Version 12.00
# Visual Studio Version 17
VisualStudioVersion = 17.3.32929.385
MinimumVisualStudioVersion = 10.0.40219.1
Project("{9A19103F-16F7-4668-BE54-9A1E7A4F7556}") = "WebsocketCluster", "WebsocketCluster.csproj", "{C352C1AE-A304-4B6D-9CB3-A95D042EF8E8}"
EndProject
Global
	GlobalSection(SolutionConfigurationPlatforms) = preSolution
		Debug|Any CPU = Debug|Any CPU
		Release|Any CPU = Release|Any CPU
	EndGlobalSection
	GlobalSection(ProjectConfigurationPlatforms) = postSolution
		{C352C1AE-A304-4B6D-9CB3-A95D042EF8E8}.Debug|Any CPU.ActiveCfg = Debug|Any CPU
		{C352C1AE-A304-4B6D-9CB3-A95D042EF8E8}.Debug|Any CPU.Build.0 = Debug|Any CPU
		{C352C1AE-A304-4B6D-9CB3-A95D042EF8E8}.Release|Any CPU.ActiveCfg = Release|Any CPU
		{C352C1AE-A304-4B6D-9CB3-A95D042EF8E8}.Release|Any CPU.Build.0 = Release|Any CPU
	EndGlobalSection
	GlobalSection(SolutionProperties) = preSolution
		HideSolutionNode = FALSE
	EndGlobalSection
	GlobalSection(ExtensibilityGlobals) = postSolution
		SolutionGuid = {811943AF-9311-4D30-879B-DE35656A1557}
	EndGlobalSection
EndGlobal
